hash: 372e87b711e7218ea9482f5b2d199440b8c4fc8ac6d9ed4a81e0579d4a2cad0c
updated: 2016-05-06T17:29:58.3710334-04:00
imports:
- name: github.com/boj/redistore
  version: fc113767cd6b051980f260d6dbe84b2740c46ab0
  subpackages:
  - github.com\boj\redistore
- name: github.com/daaku/go.zipexe
  version: a5fe2436ffcb3236e175e5149162b41cd28bd27d
  subpackages:
  - github.com\daaku\go.zipexe
- name: github.com/dgrijalva/jwt-go
  version: a2c85815a77d0f951e33ba4db5ae93629a1530af
  subpackages:
  - github.com\dgrijalva\jwt-go
- name: github.com/garyburd/redigo
  version: 8873b2f1995f59d4bcdd2b0dc9858e2cb9bf0c13
  subpackages:
  - redis
  - github.com\garyburd\redigo\redis
  - github.com\garyburd\redigo\internal
- name: github.com/GeertJohan/go.rice
  version: 0f3f5fde32fd1f755632a3d31ba2ec6d449e387b
  subpackages:
  - github.com\GeertJohan\go.rice
  - github.com\GeertJohan\go.rice\embedded
- name: github.com/gorilla/context
  version: a8d44e7d8e4d532b6a27a02dd82abb31cc1b01bd
  subpackages:
  - github.com\gorilla\context
- name: github.com/gorilla/securecookie
  version: 667fe4e3466a040b780561fe9b51a83a3753eefc
  subpackages:
  - github.com\gorilla\securecookie
- name: github.com/gorilla/sessions
  version: a1216e0aed834aa9074063dd4085f5c3df8d1fab
  subpackages:
  - github.com\gorilla\sessions
- name: github.com/jmoiron/sqlx
  version: 398dd5876282499cdfd4cb8ea0f31a672abe9495
  subpackages:
  - github.com\jmoiron\sqlx
  - github.com\jmoiron\sqlx\reflectx
- name: github.com/kardianos/osext
  version: 29ae4ffbc9a6fe9fb2bc5029050ce6996ea1d3bc
  subpackages:
  - github.com\kardianos\osext
- name: github.com/labstack/echo
  version: 041252cfc80f6ac996fadf083f13c101d38450dc
  subpackages:
  - github.com\labstack\echo
  - github.com\labstack\echo\engine\standard
  - github.com\labstack\echo\middleware
  - github.com\labstack\echo\engine
- name: github.com/labstack/gommon
  version: 2e62be24dbb1ceb226554aaccfe5a89ec71043b3
  subpackages:
  - log
  - github.com\labstack\gommon\log
  - github.com\labstack\gommon\bytes
  - github.com\labstack\gommon\color
- name: github.com/mattn/go-colorable
  version: bc69d6cebca8dd5675346a34a1c545b67dc74d5e
  subpackages:
  - github.com\mattn\go-colorable
- name: github.com/mattn/go-isatty
  version: 56b76bdf51f7708750eac80fa38b952bb9f32639
  subpackages:
  - github.com\mattn\go-isatty
- name: github.com/mattn/go-sqlite3
  version: 467f50b0c026317ad28fc2c0a08aab6f755cfc7a
  subpackages:
  - github.com\mattn\go-sqlite3
- name: github.com/mgutz/ansi
  version: c286dcecd19ff979eeb73ea444e479b903f2cfcb
  subpackages:
  - github.com\mgutz\ansi
- name: github.com/mgutz/logxi
  version: 7d364cab682d1b7b9063a3293c9e8c3087194940
  subpackages:
  - github.com\mgutz\logxi\v1
- name: github.com/microcosm-cc/bluemonday
  version: 4ac6f27528d0a3f2a59e0b0a6f6b3ff0bb89fe20
  subpackages:
  - github.com\microcosm-cc\bluemonday
- name: github.com/pelletier/go-buffruneio
  version: df1e16fde7fc330a0ca68167c23bf7ed6ac31d6d
  subpackages:
  - github.com\pelletier\go-buffruneio
- name: github.com/pelletier/go-toml
  version: 8e6ab94eec2ae84996ed00ec774b2e15c540d7f9
  subpackages:
  - github.com\pelletier\go-toml
- name: github.com/peppage/echo-middleware
  version: 78381b0fb0ae76af337cb3b5f22ab0057c269e58
  subpackages:
  - session
  - github.com\peppage\echo-middleware\session
- name: github.com/russross/blackfriday
  version: fc997ac2ba5819bbc83936fc6b10fb90adc5fa10
  subpackages:
  - github.com\russross\blackfriday
- name: github.com/sergi/go-diff
  version: ec7fdbb58eb3e300c8595ad5ac74a5aa50019cc7
  subpackages:
  - github.com\sergi\go-diff\diffmatchpatch
- name: github.com/shurcooL/sanitized_anchor_name
  version: 10ef21a441db47d8b13ebcc5fd2310f636973c77
  subpackages:
  - github.com\shurcooL\sanitized_anchor_name
- name: github.com/sipin/gorazor
  version: c9580eed5a9ba278c49dcdc7fec214a5bbbe1f0d
  subpackages:
  - github.com\sipin\gorazor\gorazor
- name: github.com/Sirupsen/logrus
  version: cd7d1bbe41066b6c1f19780f895901052150a575
  subpackages:
  - github.com\Sirupsen\logrus
- name: github.com/valyala/fasttemplate
  version: 3b874956e03f1636d171bda64b130f9135f42cff
  subpackages:
  - github.com\valyala\fasttemplate
- name: golang.org/x/crypto
  version: 285fb2ed20d1dc450fc743a1b3ff7c36bef372b9
  subpackages:
  - golang.org\x\crypto\bcrypt
  - golang.org\x\crypto\blowfish
- name: golang.org/x/net
  version: 35ec611a141ee705590b9eb64d673f9e6dfeb1ac
  subpackages:
  - context
  - golang.org\x\net\context
  - golang.org\x\net\html
  - golang.org\x\net\html\atom
- name: golang.org/x/sys
  version: b776ec39b3e54652e09028aaaaac9757f4f8211a
  subpackages:
  - unix
  - golang.org\x\sys\unix
- name: gopkg.in/fsnotify.v1
  version: 30411dbcefb7a1da7e84f75530ad3abe4011b4f8
  subpackages:
  - gopkg.in\fsnotify.v1
devImports: []
